
Microsoft Visual Studio Solution File, Format Version 12.00
# Visual Studio Version 17
VisualStudioVersion = 17.10.35122.118
MinimumVisualStudioVersion = 10.0.40219.1
Project("{FAE04EC0-301F-11D3-BF4B-00C04F79EFBC}") = "Plugin", "Plugin.csproj", "{CBCE1C42-F05C-4FD7-B670-107205EAC6FF}"
EndProject
Global
	GlobalSection(SolutionConfigurationPlatforms) = preSolution
		Debug|Any CPU = Debug|Any CPU
		Release|Any CPU = Release|Any CPU
	EndGlobalSection
	GlobalSection(ProjectConfigurationPlatforms) = postSolution
		{CBCE1C42-F05C-4FD7-B670-107205EAC6FF}.Debug|Any CPU.ActiveCfg = Debug|Any CPU
		{CBCE1C42-F05C-4FD7-B670-107205EAC6FF}.Debug|Any CPU.Build.0 = Debug|Any CPU
		{CBCE1C42-F05C-4FD7-B670-107205EAC6FF}.Release|Any CPU.ActiveCfg = Release|Any CPU
		{CBCE1C42-F05C-4FD7-B670-107205EAC6FF}.Release|Any CPU.Build.0 = Release|Any CPU
	EndGlobalSection
	GlobalSection(SolutionProperties) = preSolution
		HideSolutionNode = FALSE
	EndGlobalSection
	GlobalSection(ExtensibilityGlobals) = postSolution
		SolutionGuid = {B2560C87-AFB9-4AC4-97B8-906DDEC6E856}
	EndGlobalSection
EndGlobal
